{
  "object": {
    "pins": [
      {
        "package": "Encryptable",
        "repositoryURL": "https://github.com/sergejs/encryptable.git",
        "state": {
          "branch": null,
          "revision": "b3034ceb9ec62f40c3ab160a15c6e327238bbc18",
          "version": "0.0.2"
        }
      },
      {
        "package": "ServiceContainer",
        "repositoryURL": "https://github.com/sergejs/ServiceContainer.git",
        "state": {
          "branch": "main",
          "revision": "769febf991b1069d8790d23e0e701fd202c8e4a6",
          "version": null
        }
      },
      {
        "package": "Storable",
        "repositoryURL": "https://github.com/sergejs/Storable.git",
        "state": {
          "branch": "main",
          "revision": "6dd62ab07582b4a9df7bb5bc750f3381a877278e",
          "version": null
        }
      }
    ]
  },
  "version": 1
}
